<Solution>
  <Folder Name="/Solution Items/">
    <File Path=".gitattributes" />
    <File Path=".gitignore" />
    <File Path=".github/workflows/Cogito.AspNetCore.yml" />
    <File Path="Cogito.AspNetCore.dist.msbuildproj" />
    <File Path="Directory.Build.props" />
    <File Path="GitVersion.yml" />
    <File Path="global.json" />
    <File Path="README.md" />
  </Folder>
  <Project Path="src/Cogito.AspNetCore.Autofac/Cogito.AspNetCore.Autofac.csproj" />
  <Project Path="src/Cogito.AspNetCore.Test.NetCore2/Cogito.AspNetCore.Test.NetCore2.csproj" />
  <Project Path="src/Cogito.AspNetCore.Test.NetCore3/Cogito.AspNetCore.Test.NetCore3.csproj" />
  <Project Path="src/Cogito.AspNetCore.Tests/Cogito.AspNetCore.Tests.csproj" />
  <Project Path="src/Cogito.AspNetCore/Cogito.AspNetCore.csproj" />
  <Folder Name="/dist/">
    <Project Path="src/dist-nuget/dist-nuget.csproj" />
    <Project Path="src/dist-tests/dist-tests.csproj" />
  </Folder>
</Solution>
